
Microsoft Visual Studio Solution File, Format Version 12.00
# Visual Studio Version 16
VisualStudioVersion = 16.0.33423.256
MinimumVisualStudioVersion = 10.0.40219.1
Project("{FAE04EC0-301F-11D3-BF4B-00C04F79EFBC}") = "HastaTakipProjesi", "HastaTakipProjesi.csproj", "{A961356F-4DB1-40FB-9C9D-42C63E365568}"
EndProject
Global
	GlobalSection(SolutionConfigurationPlatforms) = preSolution
		Debug|Any CPU = Debug|Any CPU
		Release|Any CPU = Release|Any CPU
	EndGlobalSection
	GlobalSection(ProjectConfigurationPlatforms) = postSolution
		{A961356F-4DB1-40FB-9C9D-42C63E365568}.Debug|Any CPU.ActiveCfg = Debug|Any CPU
		{A961356F-4DB1-40FB-9C9D-42C63E365568}.Debug|Any CPU.Build.0 = Debug|Any CPU
		{A961356F-4DB1-40FB-9C9D-42C63E365568}.Release|Any CPU.ActiveCfg = Release|Any CPU
		{A961356F-4DB1-40FB-9C9D-42C63E365568}.Release|Any CPU.Build.0 = Release|Any CPU
	EndGlobalSection
	GlobalSection(SolutionProperties) = preSolution
		HideSolutionNode = FALSE
	EndGlobalSection
	GlobalSection(ExtensibilityGlobals) = postSolution
		SolutionGuid = {6CA8F762-072D-48DA-AE5C-7508E5167011}
	EndGlobalSection
EndGlobal
